
Microsoft Visual Studio Solution File, Format Version 12.00
# Visual Studio 15
VisualStudioVersion = 15.0.28010.2050
MinimumVisualStudioVersion = 10.0.40219.1
Project("{9A19103F-16F7-4668-BE54-9A1E7A4F7556}") = "Campaign.Companion", "Campaign.Companion\Campaign.Companion.csproj", "{EA388DA0-001F-470B-A7EC-13B090BBDA14}"
EndProject
Project("{9A19103F-16F7-4668-BE54-9A1E7A4F7556}") = "Campaign.Companion.Tests", "Campaign.Companion.Tests\Campaign.Companion.Tests.csproj", "{F3A28E4F-42F7-46D2-987A-3E6DE0570AA5}"
EndProject
Project("{9A19103F-16F7-4668-BE54-9A1E7A4F7556}") = "Campaign.Companion.Storage", "Campaign.Companion.Storage\Campaign.Companion.Storage.csproj", "{4C1DC486-0F69-4272-BE01-30B774D10519}"
EndProject
Project("{9A19103F-16F7-4668-BE54-9A1E7A4F7556}") = "Campaign.Companion.Models", "Campaign.Companion.Models\Campaign.Companion.Models.csproj", "{2F2A5FB0-1BD0-4CBC-8E07-6CFCAE487CA2}"
EndProject
Project("{9A19103F-16F7-4668-BE54-9A1E7A4F7556}") = "Campaign.Companion.Storage.Azure", "Campaign.Companion.Storage.Azure\Campaign.Companion.Storage.Azure.csproj", "{4F06799A-5554-4D3D-AB20-DDF397B4F315}"
EndProject
Project("{9A19103F-16F7-4668-BE54-9A1E7A4F7556}") = "Campaign.Companion.Storage.Azure.Tests.Integration", "Campaign.Companion.Storage.Azure.Tests.Integration\Campaign.Companion.Storage.Azure.Tests.Integration.csproj", "{D24CFCCF-EF21-4D50-8243-83BBBC20B5D7}"
EndProject
Project("{FAE04EC0-301F-11D3-BF4B-00C04F79EFBC}") = "Campaign.Companion.Storage.Azure.Tests", "Campaign.Companion.Storage.Azure.Tests\Campaign.Companion.Storage.Azure.Tests.csproj", "{70B0AA0A-2212-4A77-93AE-2BCCFD4BEEB2}"
EndProject
Global
	GlobalSection(SolutionConfigurationPlatforms) = preSolution
		Debug|Any CPU = Debug|Any CPU
		Release|Any CPU = Release|Any CPU
	EndGlobalSection
	GlobalSection(ProjectConfigurationPlatforms) = postSolution
		{EA388DA0-001F-470B-A7EC-13B090BBDA14}.Debug|Any CPU.ActiveCfg = Debug|Any CPU
		{EA388DA0-001F-470B-A7EC-13B090BBDA14}.Debug|Any CPU.Build.0 = Debug|Any CPU
		{EA388DA0-001F-470B-A7EC-13B090BBDA14}.Release|Any CPU.ActiveCfg = Release|Any CPU
		{EA388DA0-001F-470B-A7EC-13B090BBDA14}.Release|Any CPU.Build.0 = Release|Any CPU
		{F3A28E4F-42F7-46D2-987A-3E6DE0570AA5}.Debug|Any CPU.ActiveCfg = Debug|Any CPU
		{F3A28E4F-42F7-46D2-987A-3E6DE0570AA5}.Debug|Any CPU.Build.0 = Debug|Any CPU
		{F3A28E4F-42F7-46D2-987A-3E6DE0570AA5}.Release|Any CPU.ActiveCfg = Release|Any CPU
		{F3A28E4F-42F7-46D2-987A-3E6DE0570AA5}.Release|Any CPU.Build.0 = Release|Any CPU
		{4C1DC486-0F69-4272-BE01-30B774D10519}.Debug|Any CPU.ActiveCfg = Debug|Any CPU
		{4C1DC486-0F69-4272-BE01-30B774D10519}.Debug|Any CPU.Build.0 = Debug|Any CPU
		{4C1DC486-0F69-4272-BE01-30B774D10519}.Release|Any CPU.ActiveCfg = Release|Any CPU
		{4C1DC486-0F69-4272-BE01-30B774D10519}.Release|Any CPU.Build.0 = Release|Any CPU
		{2F2A5FB0-1BD0-4CBC-8E07-6CFCAE487CA2}.Debug|Any CPU.ActiveCfg = Debug|Any CPU
		{2F2A5FB0-1BD0-4CBC-8E07-6CFCAE487CA2}.Debug|Any CPU.Build.0 = Debug|Any CPU
		{2F2A5FB0-1BD0-4CBC-8E07-6CFCAE487CA2}.Release|Any CPU.ActiveCfg = Release|Any CPU
		{2F2A5FB0-1BD0-4CBC-8E07-6CFCAE487CA2}.Release|Any CPU.Build.0 = Release|Any CPU
		{4F06799A-5554-4D3D-AB20-DDF397B4F315}.Debug|Any CPU.ActiveCfg = Debug|Any CPU
		{4F06799A-5554-4D3D-AB20-DDF397B4F315}.Debug|Any CPU.Build.0 = Debug|Any CPU
		{4F06799A-5554-4D3D-AB20-DDF397B4F315}.Release|Any CPU.ActiveCfg = Release|Any CPU
		{4F06799A-5554-4D3D-AB20-DDF397B4F315}.Release|Any CPU.Build.0 = Release|Any CPU
		{D24CFCCF-EF21-4D50-8243-83BBBC20B5D7}.Debug|Any CPU.ActiveCfg = Debug|Any CPU
		{D24CFCCF-EF21-4D50-8243-83BBBC20B5D7}.Debug|Any CPU.Build.0 = Debug|Any CPU
		{D24CFCCF-EF21-4D50-8243-83BBBC20B5D7}.Release|Any CPU.ActiveCfg = Release|Any CPU
		{D24CFCCF-EF21-4D50-8243-83BBBC20B5D7}.Release|Any CPU.Build.0 = Release|Any CPU
		{70B0AA0A-2212-4A77-93AE-2BCCFD4BEEB2}.Debug|Any CPU.ActiveCfg = Debug|Any CPU
		{70B0AA0A-2212-4A77-93AE-2BCCFD4BEEB2}.Debug|Any CPU.Build.0 = Debug|Any CPU
		{70B0AA0A-2212-4A77-93AE-2BCCFD4BEEB2}.Release|Any CPU.ActiveCfg = Release|Any CPU
		{70B0AA0A-2212-4A77-93AE-2BCCFD4BEEB2}.Release|Any CPU.Build.0 = Release|Any CPU
	EndGlobalSection
	GlobalSection(SolutionProperties) = preSolution
		HideSolutionNode = FALSE
	EndGlobalSection
	GlobalSection(ExtensibilityGlobals) = postSolution
		SolutionGuid = {07BCAA70-64FB-4095-A436-9EE1E99347B1}
	EndGlobalSection
EndGlobal
